
Microsoft Visual Studio Solution File, Format Version 12.00
# Visual Studio Version 17
VisualStudioVersion = 17.2.32630.192
MinimumVisualStudioVersion = 10.0.40219.1
Project("{9A19103F-16F7-4668-BE54-9A1E7A4F7556}") = "SpecFlow.Actions.WinAppDriver", "SpecFlow.Actions.WinAppDriver\SpecFlow.Actions.WinAppDriver.csproj", "{EEBC8AA8-E126-43D1-BDFC-9FB08888CDC8}"
EndProject
Project("{9A19103F-16F7-4668-BE54-9A1E7A4F7556}") = "SpecFlow.Actions.WinAppDriver.Tests", "SpecFlow.Actions.WinAppDriver.Tests\SpecFlow.Actions.WinAppDriver.Tests.csproj", "{6D0B7752-C25A-4A56-81FA-CCE8CCEDBC72}"
EndProject
Project("{9A19103F-16F7-4668-BE54-9A1E7A4F7556}") = "Tests_For_Mozart", "Tests_For_Mozart\Tests_For_Mozart.csproj", "{2E49B592-7086-4A5A-8CED-83520B02864B}"
EndProject
Global
	GlobalSection(SolutionConfigurationPlatforms) = preSolution
		Debug|Any CPU = Debug|Any CPU
		Release|Any CPU = Release|Any CPU
	EndGlobalSection
	GlobalSection(ProjectConfigurationPlatforms) = postSolution
		{EEBC8AA8-E126-43D1-BDFC-9FB08888CDC8}.Debug|Any CPU.ActiveCfg = Debug|Any CPU
		{EEBC8AA8-E126-43D1-BDFC-9FB08888CDC8}.Debug|Any CPU.Build.0 = Debug|Any CPU
		{EEBC8AA8-E126-43D1-BDFC-9FB08888CDC8}.Release|Any CPU.ActiveCfg = Release|Any CPU
		{EEBC8AA8-E126-43D1-BDFC-9FB08888CDC8}.Release|Any CPU.Build.0 = Release|Any CPU
		{6D0B7752-C25A-4A56-81FA-CCE8CCEDBC72}.Debug|Any CPU.ActiveCfg = Debug|Any CPU
		{6D0B7752-C25A-4A56-81FA-CCE8CCEDBC72}.Debug|Any CPU.Build.0 = Debug|Any CPU
		{6D0B7752-C25A-4A56-81FA-CCE8CCEDBC72}.Release|Any CPU.ActiveCfg = Release|Any CPU
		{6D0B7752-C25A-4A56-81FA-CCE8CCEDBC72}.Release|Any CPU.Build.0 = Release|Any CPU
		{2E49B592-7086-4A5A-8CED-83520B02864B}.Debug|Any CPU.ActiveCfg = Debug|Any CPU
		{2E49B592-7086-4A5A-8CED-83520B02864B}.Debug|Any CPU.Build.0 = Debug|Any CPU
		{2E49B592-7086-4A5A-8CED-83520B02864B}.Release|Any CPU.ActiveCfg = Release|Any CPU
		{2E49B592-7086-4A5A-8CED-83520B02864B}.Release|Any CPU.Build.0 = Release|Any CPU
	EndGlobalSection
	GlobalSection(SolutionProperties) = preSolution
		HideSolutionNode = FALSE
	EndGlobalSection
	GlobalSection(ExtensibilityGlobals) = postSolution
		SolutionGuid = {FE365FEA-2566-4D03-AB64-BF1E0E8101EB}
	EndGlobalSection
EndGlobal
